
Microsoft Visual Studio Solution File, Format Version 12.00
# Visual Studio 14
VisualStudioVersion = 14.0.22823.1
MinimumVisualStudioVersion = 10.0.40219.1
Project("{FAE04EC0-301F-11D3-BF4B-00C04F79EFBC}") = "AutoMapperExtender", "AutoMapperExtender\AutoMapperExtender.csproj", "{997D9880-7715-4018-8C4A-70C0FEEA72C9}"
EndProject
Project("{FAE04EC0-301F-11D3-BF4B-00C04F79EFBC}") = "AutoMapperExtenderTests", "AutoMapperExtenderTests\AutoMapperExtenderTests.csproj", "{187D0F5B-22F5-4480-92EF-127DFD7C69AA}"
EndProject
Global
	GlobalSection(SolutionConfigurationPlatforms) = preSolution
		Debug|Any CPU = Debug|Any CPU
		Release|Any CPU = Release|Any CPU
	EndGlobalSection
	GlobalSection(ProjectConfigurationPlatforms) = postSolution
		{997D9880-7715-4018-8C4A-70C0FEEA72C9}.Debug|Any CPU.ActiveCfg = Debug|Any CPU
		{997D9880-7715-4018-8C4A-70C0FEEA72C9}.Debug|Any CPU.Build.0 = Debug|Any CPU
		{997D9880-7715-4018-8C4A-70C0FEEA72C9}.Release|Any CPU.ActiveCfg = Release|Any CPU
		{997D9880-7715-4018-8C4A-70C0FEEA72C9}.Release|Any CPU.Build.0 = Release|Any CPU
		{187D0F5B-22F5-4480-92EF-127DFD7C69AA}.Debug|Any CPU.ActiveCfg = Debug|Any CPU
		{187D0F5B-22F5-4480-92EF-127DFD7C69AA}.Debug|Any CPU.Build.0 = Debug|Any CPU
		{187D0F5B-22F5-4480-92EF-127DFD7C69AA}.Release|Any CPU.ActiveCfg = Release|Any CPU
		{187D0F5B-22F5-4480-92EF-127DFD7C69AA}.Release|Any CPU.Build.0 = Release|Any CPU
	EndGlobalSection
	GlobalSection(SolutionProperties) = preSolution
		HideSolutionNode = FALSE
	EndGlobalSection
EndGlobal
